
Microsoft Visual Studio Solution File, Format Version 12.00
# Visual Studio Version 16
VisualStudioVersion = 16.0.30804.86
MinimumVisualStudioVersion = 10.0.40219.1
Project("{FAE04EC0-301F-11D3-BF4B-00C04F79EFBC}") = "Future", "future\Future.csproj", "{AC9B3CB3-DC2B-4BC5-85CC-B84573DE3284}"
EndProject
Global
	GlobalSection(SolutionConfigurationPlatforms) = preSolution
		Debug|Any CPU = Debug|Any CPU
		Release|Any CPU = Release|Any CPU
	EndGlobalSection
	GlobalSection(ProjectConfigurationPlatforms) = postSolution
		{AC9B3CB3-DC2B-4BC5-85CC-B84573DE3284}.Debug|Any CPU.ActiveCfg = Debug|Any CPU
		{AC9B3CB3-DC2B-4BC5-85CC-B84573DE3284}.Debug|Any CPU.Build.0 = Debug|Any CPU
		{AC9B3CB3-DC2B-4BC5-85CC-B84573DE3284}.Release|Any CPU.ActiveCfg = Release|Any CPU
		{AC9B3CB3-DC2B-4BC5-85CC-B84573DE3284}.Release|Any CPU.Build.0 = Release|Any CPU
	EndGlobalSection
	GlobalSection(SolutionProperties) = preSolution
		HideSolutionNode = FALSE
	EndGlobalSection
	GlobalSection(ExtensibilityGlobals) = postSolution
		SolutionGuid = {6B3838D3-8AF2-4EE1-981D-468BC54C2491}
	EndGlobalSection
EndGlobal
